
Microsoft Visual Studio Solution File, Format Version 12.00
# Visual Studio Version 17
VisualStudioVersion = 17.11.35222.181
MinimumVisualStudioVersion = 10.0.40219.1
Project("{8BC9CEB8-8B4A-11D0-8D11-00A0C91BC942}") = "pr_07_1_it", "pr_07_1_it\pr_07_1_it.vcxproj", "{BBD3BF58-A631-4D1C-AB1E-16541329C5B3}"
EndProject
Project("{8BC9CEB8-8B4A-11D0-8D11-00A0C91BC942}") = "UnitTest", "UnitTest\UnitTest.vcxproj", "{D3D243D3-4F7A-4513-AF9C-3F313206A360}"
EndProject
Global
	GlobalSection(SolutionConfigurationPlatforms) = preSolution
		Debug|x64 = Debug|x64
		Debug|x86 = Debug|x86
		Release|x64 = Release|x64
		Release|x86 = Release|x86
	EndGlobalSection
	GlobalSection(ProjectConfigurationPlatforms) = postSolution
		{BBD3BF58-A631-4D1C-AB1E-16541329C5B3}.Debug|x64.ActiveCfg = Debug|x64
		{BBD3BF58-A631-4D1C-AB1E-16541329C5B3}.Debug|x64.Build.0 = Debug|x64
		{BBD3BF58-A631-4D1C-AB1E-16541329C5B3}.Debug|x86.ActiveCfg = Debug|Win32
		{BBD3BF58-A631-4D1C-AB1E-16541329C5B3}.Debug|x86.Build.0 = Debug|Win32
		{BBD3BF58-A631-4D1C-AB1E-16541329C5B3}.Release|x64.ActiveCfg = Release|x64
		{BBD3BF58-A631-4D1C-AB1E-16541329C5B3}.Release|x64.Build.0 = Release|x64
		{BBD3BF58-A631-4D1C-AB1E-16541329C5B3}.Release|x86.ActiveCfg = Release|Win32
		{BBD3BF58-A631-4D1C-AB1E-16541329C5B3}.Release|x86.Build.0 = Release|Win32
		{D3D243D3-4F7A-4513-AF9C-3F313206A360}.Debug|x64.ActiveCfg = Debug|x64
		{D3D243D3-4F7A-4513-AF9C-3F313206A360}.Debug|x64.Build.0 = Debug|x64
		{D3D243D3-4F7A-4513-AF9C-3F313206A360}.Debug|x86.ActiveCfg = Debug|Win32
		{D3D243D3-4F7A-4513-AF9C-3F313206A360}.Debug|x86.Build.0 = Debug|Win32
		{D3D243D3-4F7A-4513-AF9C-3F313206A360}.Release|x64.ActiveCfg = Release|x64
		{D3D243D3-4F7A-4513-AF9C-3F313206A360}.Release|x64.Build.0 = Release|x64
		{D3D243D3-4F7A-4513-AF9C-3F313206A360}.Release|x86.ActiveCfg = Release|Win32
		{D3D243D3-4F7A-4513-AF9C-3F313206A360}.Release|x86.Build.0 = Release|Win32
	EndGlobalSection
	GlobalSection(SolutionProperties) = preSolution
		HideSolutionNode = FALSE
	EndGlobalSection
	GlobalSection(ExtensibilityGlobals) = postSolution
		SolutionGuid = {F66EFBE2-FDFB-4A7D-B1C8-97B420878DF0}
	EndGlobalSection
EndGlobal
